<?xml version="1.0" encoding="utf-8"?>
<Project ToolsVersion="4.0" xmlns="http://schemas.microsoft.com/developer/msbuild/2003">
  <ItemGroup>
    <Filter Include="源文件">
      <UniqueIdentifier>{4FC737F1-C7A5-4376-A066-2A32D752A2FF}</UniqueIdentifier>
      <Extensions>cpp;c;cc;cxx;def;odl;idl;hpj;bat;asm;asmx</Extensions>
    </Filter>
    <Filter Include="头文件">
      <UniqueIdentifier>{93995380-89BD-4b04-88EB-625FBE52EBFB}</UniqueIdentifier>
      <Extensions>h;hh;hpp;hxx;hm;inl;inc;xsd</Extensions>
    </Filter>
    <Filter Include="资源文件">
      <UniqueIdentifier>{67DA6AB6-F800-4c08-8B7A-83BB121AAD01}</UniqueIdentifier>
      <Extensions>rc;ico;cur;bmp;dlg;rc2;rct;bin;rgs;gif;jpg;jpeg;jpe;resx;tiff;tif;png;wav;mfcribbon-ms</Extensions>
    </Filter>
    <Filter Include="源文件\tree">
      <UniqueIdentifier>{b45f87df-ea87-4ce7-a452-147d94d4bf3f}</UniqueIdentifier>
    </Filter>
    <Filter Include="源文件\stack">
      <UniqueIdentifier>{e82dc87e-5363-4252-b38d-18563beaad05}</UniqueIdentifier>
    </Filter>
    <Filter Include="源文件\queue">
      <UniqueIdentifier>{00effbf4-20af-4c19-8028-fde35443a6e6}</UniqueIdentifier>
    </Filter>
    <Filter Include="源文件\list">
      <UniqueIdentifier>{005b7bc2-0fa8-46d6-9c75-10167fc173e6}</UniqueIdentifier>
    </Filter>
  </ItemGroup>
  <ItemGroup>
    <ClInclude Include="stdafx.h">
      <Filter>头文件</Filter>
    </ClInclude>
    <ClInclude Include="targetver.h">
      <Filter>头文件</Filter>
    </ClInclude>
  </ItemGroup>
  <ItemGroup>
    <ClCompile Include="stdafx.cpp">
      <Filter>源文件</Filter>
    </ClCompile>
    <ClCompile Include="linked_binary_tree_test.cpp">
      <Filter>源文件\tree</Filter>
    </ClCompile>
    <ClCompile Include="array_stack_test.cpp">
      <Filter>源文件\stack</Filter>
    </ClCompile>
    <ClCompile Include="linked_stack_test.cpp">
      <Filter>源文件\stack</Filter>
    </ClCompile>
    <ClCompile Include="array_queue_test.cpp">
      <Filter>源文件\queue</Filter>
    </ClCompile>
    <ClCompile Include="linked_queue_test.cpp">
      <Filter>源文件\queue</Filter>
    </ClCompile>
    <ClCompile Include="derived_linked_stack_test.cpp">
      <Filter>源文件\stack</Filter>
    </ClCompile>
    <ClCompile Include="array_list_test.cpp">
      <Filter>源文件\list</Filter>
    </ClCompile>
    <ClCompile Include="chain_test.cpp">
      <Filter>源文件\list</Filter>
    </ClCompile>
    <ClCompile Include="max_heap_test.cpp">
      <Filter>源文件\tree</Filter>
    </ClCompile>
    <ClCompile Include="binary_search_tree_test.cpp">
      <Filter>源文件\tree</Filter>
    </ClCompile>
    <ClCompile Include="u_sort_test.cpp">
      <Filter>源文件</Filter>
    </ClCompile>
  </ItemGroup>
</Project>